
Microsoft Visual Studio Solution File, Format Version 12.00
# Visual Studio Version 17
VisualStudioVersion = 17.0.31903.59
MinimumVisualStudioVersion = 10.0.40219.1
Project("{FAE04EC0-301F-11D3-BF4B-00C04F79EFBC}") = "AspNetCoreMultilingual", "AspNetCoreMultilingual\AspNetCoreMultilingual.csproj", "{2FBF5743-BBFD-4E3A-8EAA-274E15B126D1}"
EndProject
Global
	GlobalSection(SolutionConfigurationPlatforms) = preSolution
		Debug|Any CPU = Debug|Any CPU
		Release|Any CPU = Release|Any CPU
	EndGlobalSection
	GlobalSection(ProjectConfigurationPlatforms) = postSolution
		{2FBF5743-BBFD-4E3A-8EAA-274E15B126D1}.Debug|Any CPU.ActiveCfg = Debug|Any CPU
		{2FBF5743-BBFD-4E3A-8EAA-274E15B126D1}.Debug|Any CPU.Build.0 = Debug|Any CPU
		{2FBF5743-BBFD-4E3A-8EAA-274E15B126D1}.Release|Any CPU.ActiveCfg = Release|Any CPU
		{2FBF5743-BBFD-4E3A-8EAA-274E15B126D1}.Release|Any CPU.Build.0 = Release|Any CPU
	EndGlobalSection
	GlobalSection(SolutionProperties) = preSolution
		HideSolutionNode = FALSE
	EndGlobalSection
	GlobalSection(ExtensibilityGlobals) = postSolution
		SolutionGuid = {77141F45-B8EB-4BCF-B3E9-0386AC5E2505}
	EndGlobalSection
EndGlobal
